
Microsoft Visual Studio Solution File, Format Version 12.00
# Visual Studio Version 17
VisualStudioVersion = 17.6.33829.357
MinimumVisualStudioVersion = 10.0.40219.1
Project("{FAE04EC0-301F-11D3-BF4B-00C04F79EFBC}") = "ImbueSystemsTest", "ImbueSystemsTest\ImbueSystemsTest.csproj", "{D8593A7E-EF6D-4767-8123-F91D975D1AE3}"
EndProject
Global
	GlobalSection(SolutionConfigurationPlatforms) = preSolution
		Debug|Any CPU = Debug|Any CPU
		Release|Any CPU = Release|Any CPU
	EndGlobalSection
	GlobalSection(ProjectConfigurationPlatforms) = postSolution
		{D8593A7E-EF6D-4767-8123-F91D975D1AE3}.Debug|Any CPU.ActiveCfg = Debug|Any CPU
		{D8593A7E-EF6D-4767-8123-F91D975D1AE3}.Debug|Any CPU.Build.0 = Debug|Any CPU
		{D8593A7E-EF6D-4767-8123-F91D975D1AE3}.Release|Any CPU.ActiveCfg = Release|Any CPU
		{D8593A7E-EF6D-4767-8123-F91D975D1AE3}.Release|Any CPU.Build.0 = Release|Any CPU
	EndGlobalSection
	GlobalSection(SolutionProperties) = preSolution
		HideSolutionNode = FALSE
	EndGlobalSection
	GlobalSection(ExtensibilityGlobals) = postSolution
		SolutionGuid = {D57F2C6A-43D4-45A8-92BD-E16EC8F7D11D}
	EndGlobalSection
EndGlobal
